
Microsoft Visual Studio Solution File, Format Version 11.00
# Visual Studio 2010
Project("{FAE04EC0-301F-11D3-BF4B-00C04F79EFBC}") = "JourneyPlanning", "JourneyPlanning\JourneyPlanning.csproj", "{D271F988-0EE4-4B59-A654-23796DF19CA1}"
EndProject
Global
	GlobalSection(SolutionConfigurationPlatforms) = preSolution
		Debug|Any CPU = Debug|Any CPU
		Release|Any CPU = Release|Any CPU
	EndGlobalSection
	GlobalSection(ProjectConfigurationPlatforms) = postSolution
		{D271F988-0EE4-4B59-A654-23796DF19CA1}.Debug|Any CPU.ActiveCfg = Debug|Any CPU
		{D271F988-0EE4-4B59-A654-23796DF19CA1}.Debug|Any CPU.Build.0 = Debug|Any CPU
		{D271F988-0EE4-4B59-A654-23796DF19CA1}.Release|Any CPU.ActiveCfg = Release|Any CPU
		{D271F988-0EE4-4B59-A654-23796DF19CA1}.Release|Any CPU.Build.0 = Release|Any CPU
	EndGlobalSection
	GlobalSection(SolutionProperties) = preSolution
		HideSolutionNode = FALSE
	EndGlobalSection
EndGlobal
